
Microsoft Visual Studio Solution File, Format Version 12.00
# Visual Studio Version 17
VisualStudioVersion = 17.0.31903.59
MinimumVisualStudioVersion = 10.0.40219.1
Project("{FAE04EC0-301F-11D3-BF4B-00C04F79EFBC}") = "GithubActionsSample", "GithubActionsSample\GithubActionsSample.csproj", "{CBB65726-F195-468D-AA97-CDD033387120}"
EndProject
Project("{FAE04EC0-301F-11D3-BF4B-00C04F79EFBC}") = "UnitTest", "UnitTest\UnitTest.csproj", "{CE8E929B-FCBC-4D95-89C4-41485E4C421D}"
EndProject
Global
	GlobalSection(SolutionConfigurationPlatforms) = preSolution
		Debug|Any CPU = Debug|Any CPU
		Release|Any CPU = Release|Any CPU
	EndGlobalSection
	GlobalSection(ProjectConfigurationPlatforms) = postSolution
		{CBB65726-F195-468D-AA97-CDD033387120}.Debug|Any CPU.ActiveCfg = Debug|Any CPU
		{CBB65726-F195-468D-AA97-CDD033387120}.Debug|Any CPU.Build.0 = Debug|Any CPU
		{CBB65726-F195-468D-AA97-CDD033387120}.Release|Any CPU.ActiveCfg = Release|Any CPU
		{CBB65726-F195-468D-AA97-CDD033387120}.Release|Any CPU.Build.0 = Release|Any CPU
		{CE8E929B-FCBC-4D95-89C4-41485E4C421D}.Debug|Any CPU.ActiveCfg = Debug|Any CPU
		{CE8E929B-FCBC-4D95-89C4-41485E4C421D}.Debug|Any CPU.Build.0 = Debug|Any CPU
		{CE8E929B-FCBC-4D95-89C4-41485E4C421D}.Release|Any CPU.ActiveCfg = Release|Any CPU
		{CE8E929B-FCBC-4D95-89C4-41485E4C421D}.Release|Any CPU.Build.0 = Release|Any CPU
	EndGlobalSection
	GlobalSection(SolutionProperties) = preSolution
		HideSolutionNode = FALSE
	EndGlobalSection
	GlobalSection(ExtensibilityGlobals) = postSolution
		SolutionGuid = {654CA665-FA30-4CD2-9253-574F987F3C25}
	EndGlobalSection
EndGlobal
